
Microsoft Visual Studio Solution File, Format Version 12.00
# Visual Studio 15
VisualStudioVersion = 15.0.27130.2003
MinimumVisualStudioVersion = 10.0.40219.1
Project("{FAE04EC0-301F-11D3-BF4B-00C04F79EFBC}") = "ExpressionTreeTask.Visitor", "ExpressionTreeTask.Visitor\ExpressionTreeTask.Visitor.csproj", "{E5F15FAA-12AD-485F-B498-06CBFBC9A10C}"
EndProject
Project("{FAE04EC0-301F-11D3-BF4B-00C04F79EFBC}") = "ExpressionTreeTask.Mapper", "ExpressionTreeTask.Mapper\ExpressionTreeTask.Mapper.csproj", "{7EE3D33F-7FD2-426B-AA1B-DDF19B9D2025}"
EndProject
Project("{FAE04EC0-301F-11D3-BF4B-00C04F79EFBC}") = "ExpressionTreeTask.Tests", "ExpressionTreeTask.Tests\ExpressionTreeTask.Tests.csproj", "{0B577C4B-0FA3-4C72-9662-884417EE2ABA}"
EndProject
Global
	GlobalSection(SolutionConfigurationPlatforms) = preSolution
		Debug|Any CPU = Debug|Any CPU
		Release|Any CPU = Release|Any CPU
	EndGlobalSection
	GlobalSection(ProjectConfigurationPlatforms) = postSolution
		{E5F15FAA-12AD-485F-B498-06CBFBC9A10C}.Debug|Any CPU.ActiveCfg = Debug|Any CPU
		{E5F15FAA-12AD-485F-B498-06CBFBC9A10C}.Debug|Any CPU.Build.0 = Debug|Any CPU
		{E5F15FAA-12AD-485F-B498-06CBFBC9A10C}.Release|Any CPU.ActiveCfg = Release|Any CPU
		{E5F15FAA-12AD-485F-B498-06CBFBC9A10C}.Release|Any CPU.Build.0 = Release|Any CPU
		{7EE3D33F-7FD2-426B-AA1B-DDF19B9D2025}.Debug|Any CPU.ActiveCfg = Debug|Any CPU
		{7EE3D33F-7FD2-426B-AA1B-DDF19B9D2025}.Debug|Any CPU.Build.0 = Debug|Any CPU
		{7EE3D33F-7FD2-426B-AA1B-DDF19B9D2025}.Release|Any CPU.ActiveCfg = Release|Any CPU
		{7EE3D33F-7FD2-426B-AA1B-DDF19B9D2025}.Release|Any CPU.Build.0 = Release|Any CPU
		{0B577C4B-0FA3-4C72-9662-884417EE2ABA}.Debug|Any CPU.ActiveCfg = Debug|Any CPU
		{0B577C4B-0FA3-4C72-9662-884417EE2ABA}.Debug|Any CPU.Build.0 = Debug|Any CPU
		{0B577C4B-0FA3-4C72-9662-884417EE2ABA}.Release|Any CPU.ActiveCfg = Release|Any CPU
		{0B577C4B-0FA3-4C72-9662-884417EE2ABA}.Release|Any CPU.Build.0 = Release|Any CPU
	EndGlobalSection
	GlobalSection(SolutionProperties) = preSolution
		HideSolutionNode = FALSE
	EndGlobalSection
	GlobalSection(ExtensibilityGlobals) = postSolution
		SolutionGuid = {5355A1F2-2D5C-45DF-B28E-35BAB14F91FF}
	EndGlobalSection
EndGlobal
