
Microsoft Visual Studio Solution File, Format Version 12.00
# Visual Studio 15
VisualStudioVersion = 15.0.27130.2003
MinimumVisualStudioVersion = 10.0.40219.1
Project("{FAE04EC0-301F-11D3-BF4B-00C04F79EFBC}") = "CorporateChat", "CorporateChat\CorporateChat.csproj", "{57172427-4A05-494C-B2DE-E89A6560A4D1}"
EndProject
Project("{FAE04EC0-301F-11D3-BF4B-00C04F79EFBC}") = "CorporateChat.ServerClient", "CorporateChat.Server\CorporateChat.ServerClient.csproj", "{5617063C-59C2-41E5-90E5-7270FDF7D844}"
EndProject
Project("{FAE04EC0-301F-11D3-BF4B-00C04F79EFBC}") = "CorporateChat.Diagnostics", "CorporateChat.Diagnostics\CorporateChat.Diagnostics.csproj", "{5034755E-5491-4D77-86EB-C1C4B6CB9F1C}"
EndProject
Global
	GlobalSection(SolutionConfigurationPlatforms) = preSolution
		Debug|Any CPU = Debug|Any CPU
		Release|Any CPU = Release|Any CPU
	EndGlobalSection
	GlobalSection(ProjectConfigurationPlatforms) = postSolution
		{57172427-4A05-494C-B2DE-E89A6560A4D1}.Debug|Any CPU.ActiveCfg = Debug|Any CPU
		{57172427-4A05-494C-B2DE-E89A6560A4D1}.Debug|Any CPU.Build.0 = Debug|Any CPU
		{57172427-4A05-494C-B2DE-E89A6560A4D1}.Release|Any CPU.ActiveCfg = Release|Any CPU
		{57172427-4A05-494C-B2DE-E89A6560A4D1}.Release|Any CPU.Build.0 = Release|Any CPU
		{5617063C-59C2-41E5-90E5-7270FDF7D844}.Debug|Any CPU.ActiveCfg = Debug|Any CPU
		{5617063C-59C2-41E5-90E5-7270FDF7D844}.Debug|Any CPU.Build.0 = Debug|Any CPU
		{5617063C-59C2-41E5-90E5-7270FDF7D844}.Release|Any CPU.ActiveCfg = Release|Any CPU
		{5617063C-59C2-41E5-90E5-7270FDF7D844}.Release|Any CPU.Build.0 = Release|Any CPU
		{5034755E-5491-4D77-86EB-C1C4B6CB9F1C}.Debug|Any CPU.ActiveCfg = Debug|Any CPU
		{5034755E-5491-4D77-86EB-C1C4B6CB9F1C}.Debug|Any CPU.Build.0 = Debug|Any CPU
		{5034755E-5491-4D77-86EB-C1C4B6CB9F1C}.Release|Any CPU.ActiveCfg = Release|Any CPU
		{5034755E-5491-4D77-86EB-C1C4B6CB9F1C}.Release|Any CPU.Build.0 = Release|Any CPU
	EndGlobalSection
	GlobalSection(SolutionProperties) = preSolution
		HideSolutionNode = FALSE
	EndGlobalSection
	GlobalSection(ExtensibilityGlobals) = postSolution
		SolutionGuid = {83142A6D-080C-454D-B3B9-2D5AFB5FC36C}
	EndGlobalSection
EndGlobal
